<?xml version="1.0" encoding="utf-8"?>
<Project ToolsVersion="4.0" xmlns="http://schemas.microsoft.com/developer/msbuild/2003">
  <ItemGroup>
    <Filter Include="Source Files">
      <UniqueIdentifier>{4FC737F1-C7A5-4376-A066-2A32D752A2FF}</UniqueIdentifier>
      <Extensions>cpp;c;cc;cxx;c++;cppm;ixx;def;odl;idl;hpj;bat;asm;asmx</Extensions>
    </Filter>
    <Filter Include="Header Files">
      <UniqueIdentifier>{93995380-89BD-4b04-88EB-625FBE52EBFB}</UniqueIdentifier>
      <Extensions>h;hh;hpp;hxx;h++;hm;inl;inc;ipp;xsd</Extensions>
    </Filter>
    <Filter Include="Resource Files">
      <UniqueIdentifier>{67DA6AB6-F800-4c08-8B7A-83BB121AAD01}</UniqueIdentifier>
      <Extensions>rc;ico;cur;bmp;dlg;rc2;rct;bin;rgs;gif;jpg;jpeg;jpe;resx;tiff;tif;png;wav;mfcribbon-ms</Extensions>
    </Filter>
    <Filter Include="frame">
      <UniqueIdentifier>{8852f293-41d6-494d-93a6-ec9942216403}</UniqueIdentifier>
    </Filter>
    <Filter Include="Log">
      <UniqueIdentifier>{6bd291f2-6e27-4ac6-98a6-5703903dba53}</UniqueIdentifier>
    </Filter>
  </ItemGroup>
  <ItemGroup>
    <ClInclude Include="Log\DumpFileManager.h">
      <Filter>Header Files</Filter>
    </ClInclude>
    <ClInclude Include="Log\ILogHandler.h">
      <Filter>Header Files</Filter>
    </ClInclude>
    <ClInclude Include="Render\Mesh\AABB.h">
      <Filter>Header Files</Filter>
    </ClInclude>
    <ClInclude Include="Render\Mesh\Material.h">
      <Filter>Header Files</Filter>
    </ClInclude>
    <ClInclude Include="Render\Mesh\Mesh.h">
      <Filter>Header Files</Filter>
    </ClInclude>
    <ClInclude Include="Render\Mesh\Model.h">
      <Filter>Header Files</Filter>
    </ClInclude>
    <ClInclude Include="Render\Shader\EShader.h">
      <Filter>Header Files</Filter>
    </ClInclude>
    <ClInclude Include="Render\Shader\Texture.h">
      <Filter>Header Files</Filter>
    </ClInclude>
    <ClInclude Include="Window\GLFWWindow.h">
      <Filter>Header Files</Filter>
    </ClInclude>
    <ClInclude Include="Util\common.h">
      <Filter>Header Files</Filter>
    </ClInclude>
    <ClInclude Include="Util\Singleton.h">
      <Filter>Header Files</Filter>
    </ClInclude>
    <ClInclude Include="Util\Utils.h">
      <Filter>Header Files</Filter>
    </ClInclude>
    <ClInclude Include="Render\Resource\ResourceManager.h">
      <Filter>Header Files</Filter>
    </ClInclude>
    <ClInclude Include="Camera\Camera.h">
      <Filter>Header Files</Filter>
    </ClInclude>
    <ClInclude Include="Camera\CameraFrustum.h">
      <Filter>Header Files</Filter>
    </ClInclude>
    <ClInclude Include="Render\Renderer.h">
      <Filter>Header Files</Filter>
    </ClInclude>
    <ClInclude Include="Render\RenderTarget.h">
      <Filter>Header Files</Filter>
    </ClInclude>
    <ClInclude Include="Render\PostProcess.h">
      <Filter>Header Files</Filter>
    </ClInclude>
    <ClInclude Include="Render\CommandBuffer.h">
      <Filter>Header Files</Filter>
    </ClInclude>
    <ClInclude Include="Render\RenderCommand.h">
      <Filter>Header Files</Filter>
    </ClInclude>
    <ClInclude Include="Render\GLCache.h">
      <Filter>Header Files</Filter>
    </ClInclude>
    <ClInclude Include="Scene\Scene.h">
      <Filter>Header Files</Filter>
    </ClInclude>
    <ClInclude Include="Scene\SceneNode.h">
      <Filter>Header Files</Filter>
    </ClInclude>
    <ClInclude Include="Render\Shader\TextureCube.h">
      <Filter>Header Files</Filter>
    </ClInclude>
    <ClInclude Include="Render\Lighting\DirectionalLight.h">
      <Filter>Header Files</Filter>
    </ClInclude>
    <ClInclude Include="Render\Material\MaterialLibrary.h">
      <Filter>Header Files</Filter>
    </ClInclude>
    <ClInclude Include="Render\Mesh\Quad.h">
      <Filter>Header Files</Filter>
    </ClInclude>
    <ClInclude Include="Render\PBR.h">
      <Filter>Header Files</Filter>
    </ClInclude>
    <ClInclude Include="pbr_capture.h">
      <Filter>Header Files</Filter>
    </ClInclude>
    <ClInclude Include="Util\string_id.hpp">
      <Filter>Header Files</Filter>
    </ClInclude>
    <ClInclude Include="Render\Resource\Loader\ShaderLoader.h">
      <Filter>Header Files</Filter>
    </ClInclude>
    <ClInclude Include="Render\Resource\Loader\TextureLoader.h">
      <Filter>Header Files</Filter>
    </ClInclude>
    <ClInclude Include="Render\Mesh\Sphere.h">
      <Filter>Header Files</Filter>
    </ClInclude>
    <ClInclude Include="Render\Lighting\PointLight.h">
      <Filter>Header Files</Filter>
    </ClInclude>
    <ClInclude Include="Render\Resource\Loader\MeshLoader.h">
      <Filter>Header Files</Filter>
    </ClInclude>
    <ClInclude Include="Camera\FlyCamera.h">
      <Filter>Header Files</Filter>
    </ClInclude>
    <ClInclude Include="Event\Event.h">
      <Filter>Header Files</Filter>
    </ClInclude>
    <ClInclude Include="Window\Context\Device.h">
      <Filter>Header Files</Filter>
    </ClInclude>
    <ClInclude Include="Render\Context\Driver.h">
      <Filter>Header Files</Filter>
    </ClInclude>
    <ClInclude Include="Window\Input\InputManager.h">
      <Filter>Header Files</Filter>
    </ClInclude>
    <ClInclude Include="Window\Input\Key.h">
      <Filter>Header Files</Filter>
    </ClInclude>
    <ClInclude Include="Window\Input\MouseBtn.h">
      <Filter>Header Files</Filter>
    </ClInclude>
    <ClInclude Include="Render\Shader\ShaderType.h">
      <Filter>Header Files</Filter>
    </ClInclude>
    <ClInclude Include="Global\GlobalContext.h">
      <Filter>Header Files</Filter>
    </ClInclude>
    <ClInclude Include="Render\Mesh\Mesh_ID.h">
      <Filter>Header Files</Filter>
    </ClInclude>
    <ClInclude Include="Time\Time.h">
      <Filter>Header Files</Filter>
    </ClInclude>
    <ClInclude Include="File\ConfigManager.h">
      <Filter>Header Files</Filter>
    </ClInclude>
    <ClInclude Include="Render\ShaderConfig.h">
      <Filter>Header Files</Filter>
    </ClInclude>
    <ClInclude Include="Math\Math.h">
      <Filter>Header Files</Filter>
    </ClInclude>
    <ClInclude Include="Render\Resource\Loader\MaterialLoader.h">
      <Filter>Header Files</Filter>
    </ClInclude>
    <ClInclude Include="Render\Mesh\Cube.h">
      <Filter>Header Files</Filter>
    </ClInclude>
    <ClInclude Include="Scene\Background.h">
      <Filter>Header Files</Filter>
    </ClInclude>
    <ClInclude Include="UI\API\IDrawable.h">
      <Filter>Header Files</Filter>
    </ClInclude>
    <ClInclude Include="UI\Widgets\AWidget.h">
      <Filter>Header Files</Filter>
    </ClInclude>
    <ClInclude Include="UI\Plugin\IPlugin.h">
      <Filter>Header Files</Filter>
    </ClInclude>
    <ClInclude Include="UI\Plugin\Pluginable.h">
      <Filter>Header Files</Filter>
    </ClInclude>
    <ClInclude Include="UI\Widgets\Button\AButton.h">
      <Filter>Header Files</Filter>
    </ClInclude>
    <ClInclude Include="UI\Widgets\Button\Button.h">
      <Filter>Header Files</Filter>
    </ClInclude>
    <ClInclude Include="ThirdLib\ImGui\imconfig.h">
      <Filter>Header Files</Filter>
    </ClInclude>
    <ClInclude Include="ThirdLib\ImGui\imgui.h">
      <Filter>Header Files</Filter>
    </ClInclude>
    <ClInclude Include="ThirdLib\ImGui\imgui_impl_glfw.h">
      <Filter>Header Files</Filter>
    </ClInclude>
    <ClInclude Include="ThirdLib\ImGui\imgui_impl_opengl3.h">
      <Filter>Header Files</Filter>
    </ClInclude>
    <ClInclude Include="ThirdLib\ImGui\imgui_internal.h">
      <Filter>Header Files</Filter>
    </ClInclude>
    <ClInclude Include="ThirdLib\ImGui\imstb_rectpack.h">
      <Filter>Header Files</Filter>
    </ClInclude>
    <ClInclude Include="ThirdLib\ImGui\imstb_textedit.h">
      <Filter>Header Files</Filter>
    </ClInclude>
    <ClInclude Include="ThirdLib\ImGui\imstb_truetype.h">
      <Filter>Header Files</Filter>
    </ClInclude>
    <ClInclude Include="UI\Widgets\Button\ButtonImage.h">
      <Filter>Header Files</Filter>
    </ClInclude>
    <ClInclude Include="UI\UIManager.h">
      <Filter>Header Files</Filter>
    </ClInclude>
    <ClInclude Include="UI\Internel\UI_Common.h">
      <Filter>Header Files</Filter>
    </ClInclude>
    <ClInclude Include="UI\Internel\WidgetContainer.h">
      <Filter>Header Files</Filter>
    </ClInclude>
    <ClInclude Include="UI\Panel\APanel.h">
      <Filter>Header Files</Filter>
    </ClInclude>
    <ClInclude Include="UI\Panel\APanelTransformable.h">
      <Filter>Header Files</Filter>
    </ClInclude>
    <ClInclude Include="UI\Panel\PanelMenuBar.h">
      <Filter>Header Files</Filter>
    </ClInclude>
    <ClInclude Include="UI\Module\Canvas.h">
      <Filter>Header Files</Filter>
    </ClInclude>
    <ClInclude Include="UI\Widgets\DataWidget.h">
      <Filter>Header Files</Filter>
    </ClInclude>
    <ClInclude Include="UI\Plugin\DataDispatcher.h">
      <Filter>Header Files</Filter>
    </ClInclude>
    <ClInclude Include="UI\Widgets\Text\Text.h">
      <Filter>Header Files</Filter>
    </ClInclude>
    <ClInclude Include="UI\Panel\PanelWindow.h">
      <Filter>Header Files</Filter>
    </ClInclude>
    <ClInclude Include="UI\Widgets\Text\TextColored.h">
      <Filter>Header Files</Filter>
    </ClInclude>
    <ClInclude Include="UI\Widgets\Text\TextSelectable.h">
      <Filter>Header Files</Filter>
    </ClInclude>
    <ClInclude Include="UI\Widgets\Selection\CheckBox.h">
      <Filter>Header Files</Filter>
    </ClInclude>
    <ClInclude Include="UI\Visual\Image.h">
      <Filter>Header Files</Filter>
    </ClInclude>
    <ClInclude Include="UI\Visual\ProgressBar.h">
      <Filter>Header Files</Filter>
    </ClInclude>
    <ClInclude Include="UI\Layout\Columns.h">
      <Filter>Header Files</Filter>
    </ClInclude>
    <ClInclude Include="Editor\Panels\Profiler.h">
      <Filter>Header Files</Filter>
    </ClInclude>
    <ClInclude Include="Analytics\ProfilterReport.h">
      <Filter>Header Files</Filter>
    </ClInclude>
    <ClInclude Include="Scene\SceneManager.h">
      <Filter>Header Files</Filter>
    </ClInclude>
    <ClInclude Include="Log\Logger.h">
      <Filter>Header Files</Filter>
    </ClInclude>
    <ClInclude Include="Log\ConsoleHandler.h">
      <Filter>Header Files</Filter>
    </ClInclude>
    <ClInclude Include="Log\ConsoleColor.h">
      <Filter>Header Files</Filter>
    </ClInclude>
    <ClInclude Include="Time\Date.h">
      <Filter>Header Files</Filter>
    </ClInclude>
    <ClInclude Include="Core\API\ISerializable.h">
      <Filter>Header Files</Filter>
    </ClInclude>
    <ClInclude Include="Core\API\tinyxml2.h">
      <Filter>Header Files</Filter>
    </ClInclude>
    <ClInclude Include="Core\API\IInspectorItem.h">
      <Filter>Header Files</Filter>
    </ClInclude>
    <ClInclude Include="Core\ECS\Components\AComponent.h">
      <Filter>Header Files</Filter>
    </ClInclude>
    <ClInclude Include="Core\ECS\Actor.h">
      <Filter>Header Files</Filter>
    </ClInclude>
    <ClInclude Include="Core\ECS\Components\Behaviour.h">
      <Filter>Header Files</Filter>
    </ClInclude>
    <ClInclude Include="Core\ECS\Components\CTransform.h">
      <Filter>Header Files</Filter>
    </ClInclude>
    <ClInclude Include="Window\Window.h">
      <Filter>Header Files</Filter>
    </ClInclude>
    <ClInclude Include="Editor\Panels\ProjectSettings.h">
      <Filter>Header Files</Filter>
    </ClInclude>
    <ClInclude Include="Render\Mesh\DebugScreenQuad.h">
      <Filter>Header Files</Filter>
    </ClInclude>
    <ClInclude Include="Editor\Helper\GUIDrawer.h">
      <Filter>Header Files</Filter>
    </ClInclude>
    <ClInclude Include="Editor\Panels\AView.h">
      <Filter>Header Files</Filter>
    </ClInclude>
    <ClInclude Include="Editor\Core\EditorRender.h">
      <Filter>Header Files</Filter>
    </ClInclude>
    <ClInclude Include="Editor\Core\Context.h">
      <Filter>Header Files</Filter>
    </ClInclude>
    <ClInclude Include="Editor\Panels\GameView.h">
      <Filter>Header Files</Filter>
    </ClInclude>
    <ClInclude Include="Editor\Core\EditorAction.h">
      <Filter>Header Files</Filter>
    </ClInclude>
    <ClInclude Include="Global\ServiceLocator.h">
      <Filter>Header Files</Filter>
    </ClInclude>
    <ClInclude Include="Editor\Core\PanelsManager.h">
      <Filter>Header Files</Filter>
    </ClInclude>
    <ClInclude Include="Editor\Core\Editor.h">
      <Filter>Header Files</Filter>
    </ClInclude>
    <ClInclude Include="Editor\Core\Application.h">
      <Filter>Header Files</Filter>
    </ClInclude>
    <ClInclude Include="Editor\Panels\AssetBrowser.h">
      <Filter>Header Files</Filter>
    </ClInclude>
    <ClInclude Include="UI\Layout\Group.h">
      <Filter>Header Files</Filter>
    </ClInclude>
    <ClInclude Include="UI\Layout\TreeNode.h">
      <Filter>Header Files</Filter>
    </ClInclude>
    <ClInclude Include="Editor\Panels\Hierarchy.h">
      <Filter>Header Files</Filter>
    </ClInclude>
    <ClInclude Include="UI\Plugin\ContextualMenu.h">
      <Filter>Header Files</Filter>
    </ClInclude>
    <ClInclude Include="UI\Widgets\InputField\InputText.h">
      <Filter>Header Files</Filter>
    </ClInclude>
    <ClInclude Include="UI\Plugin\DDTarget.h">
      <Filter>Header Files</Filter>
    </ClInclude>
    <ClInclude Include="UI\Widgets\Menu\MenuItem.h">
      <Filter>Header Files</Filter>
    </ClInclude>
    <ClInclude Include="Editor\Panels\MenuBar.h">
      <Filter>Header Files</Filter>
    </ClInclude>
    <ClInclude Include="UI\Widgets\Menu\MenuList.h">
      <Filter>Header Files</Filter>
    </ClInclude>
    <ClInclude Include="Core\ECS\Components\CLight.h">
      <Filter>Header Files</Filter>
    </ClInclude>
    <ClInclude Include="Core\ECS\Components\CModelRenderer.h">
      <Filter>Header Files</Filter>
    </ClInclude>
    <ClInclude Include="Core\Scripting\LuaBinder.h">
      <Filter>Header Files</Filter>
    </ClInclude>
    <ClInclude Include="Render\Resource\TextureManager.h">
      <Filter>Header Files</Filter>
    </ClInclude>
    <ClInclude Include="Render\BaseRenderer.h">
      <Filter>Header Files</Filter>
    </ClInclude>
    <ClInclude Include="Render\ForwardRenderer.h">
      <Filter>Header Files</Filter>
    </ClInclude>
    <ClInclude Include="Render\Shader\UniformBuffer.h">
      <Filter>Header Files</Filter>
    </ClInclude>
    <ClInclude Include="Window\WindowManager.h">
      <Filter>Header Files</Filter>
    </ClInclude>
    <ClInclude Include="Core\ECS\Components\CMaterialRenderer.h">
      <Filter>Header Files</Filter>
    </ClInclude>
    <ClInclude Include="Core\Util\Light.h">
      <Filter>Header Files</Filter>
    </ClInclude>
    <ClInclude Include="Core\Helper\Serializer.h">
      <Filter>Header Files</Filter>
    </ClInclude>
    <ClInclude Include="UI\Widgets\Drag\DragSingleScalar.h">
      <Filter>Header Files</Filter>
    </ClInclude>
    <ClInclude Include="UI\Widgets\Drag\DragMultipleScalars.h">
      <Filter>Header Files</Filter>
    </ClInclude>
    <ClInclude Include="UI\Widgets\Selection\ColorEdit.h">
      <Filter>Header Files</Filter>
    </ClInclude>
    <ClInclude Include="Core\ECS\Components\CDirectionalLight.h">
      <Filter>Header Files</Filter>
    </ClInclude>
    <ClInclude Include="Editor\Core\CameraController.h">
      <Filter>Header Files</Filter>
    </ClInclude>
    <ClInclude Include="Core\ECS\Components\CCamera.h">
      <Filter>Header Files</Filter>
    </ClInclude>
    <ClInclude Include="Render\Resource\AResourceManager.h">
      <Filter>Header Files</Filter>
    </ClInclude>
    <ClInclude Include="Render\Resource\ModelManager.h">
      <Filter>Header Files</Filter>
    </ClInclude>
    <ClInclude Include="Render\Resource\Loader\ModelLoader.h">
      <Filter>Header Files</Filter>
    </ClInclude>
    <ClInclude Include="Render\Resource\Parser\IModelParser.h">
      <Filter>Header Files</Filter>
    </ClInclude>
    <ClInclude Include="Render\Resource\Parser\EModelParserFlags.h">
      <Filter>Header Files</Filter>
    </ClInclude>
    <ClInclude Include="Render\Resource\Parser\AssimpParser.h">
      <Filter>Header Files</Filter>
    </ClInclude>
    <ClInclude Include="Render\Resource\ShaderManager.h">
      <Filter>Header Files</Filter>
    </ClInclude>
    <ClInclude Include="Editor\Panels\AViewControllable.h">
      <Filter>Header Files</Filter>
    </ClInclude>
    <ClInclude Include="Editor\Panels\SceneView.h">
      <Filter>Header Files</Filter>
    </ClInclude>
    <ClInclude Include="UI\Visual\Separator.h">
      <Filter>Header Files</Filter>
    </ClInclude>
    <ClInclude Include="Render\ShapeDrawer.h">
      <Filter>Header Files</Filter>
    </ClInclude>
    <ClInclude Include="Editor\Core\EditorResource.h">
      <Filter>Header Files</Filter>
    </ClInclude>
    <ClInclude Include="Render\Resource\RawShader.h">
      <Filter>Header Files</Filter>
    </ClInclude>
    <ClInclude Include="Editor\Core\GizmoBehaviour.h">
      <Filter>Header Files</Filter>
    </ClInclude>
    <ClInclude Include="Editor\Panels\Inspector.h">
      <Filter>Header Files</Filter>
    </ClInclude>
    <ClInclude Include="UI\Widgets\Selection\ComboBox.h">
      <Filter>Header Files</Filter>
    </ClInclude>
    <ClInclude Include="UI\Layout\GroupCollapsable.h">
      <Filter>Header Files</Filter>
    </ClInclude>
    <ClInclude Include="Render\Shadow\CascadeShadowMap.h">
      <Filter>Header Files</Filter>
    </ClInclude>
    <ClInclude Include="Editor\Panels\ToolBar.h">
      <Filter>Header Files</Filter>
    </ClInclude>
    <ClInclude Include="Editor\Util\ActorCreationMenu.h">
      <Filter>Header Files</Filter>
    </ClInclude>
    <ClInclude Include="Render\Resource\MaterialManager.h">
      <Filter>Header Files</Filter>
    </ClInclude>
    <ClInclude Include="Editor\Panels\MaterialEditor.h">
      <Filter>Header Files</Filter>
    </ClInclude>
    <ClInclude Include="Render\Shader\ShaderStorageBuffer.h">
      <Filter>Header Files</Filter>
    </ClInclude>
    <ClInclude Include="Core\ECS\Components\CAmbientSphereLight.h">
      <Filter>Header Files</Filter>
    </ClInclude>
    <ClInclude Include="File\Path\PathParser.h">
      <Filter>Header Files</Filter>
    </ClInclude>
    <ClInclude Include="UI\Plugin\DDSource.h">
      <Filter>Header Files</Filter>
    </ClInclude>
    <ClInclude Include="UI\Widgets\Text\TextClickable.h">
      <Filter>Header Files</Filter>
    </ClInclude>
    <ClInclude Include="File\XmlManager.h">
      <Filter>Header Files</Filter>
    </ClInclude>
    <ClInclude Include="File\LanguageDefine.h">
      <Filter>Header Files</Filter>
    </ClInclude>
    <ClInclude Include="Render\Material\MaterialEditorType.h">
      <Filter>Header Files</Filter>
    </ClInclude>
    <ClInclude Include="UI\Plugin\TexturePreview.h">
      <Filter>Header Files</Filter>
    </ClInclude>
    <ClInclude Include="Editor\Panels\AssetView.h">
      <Filter>Header Files</Filter>
    </ClInclude>
    <ClInclude Include="Editor\Panels\Console.h">
      <Filter>Header Files</Filter>
    </ClInclude>
  </ItemGroup>
  <ItemGroup>
    <ClCompile Include="Source.cpp">
      <Filter>frame</Filter>
    </ClCompile>
    <ClCompile Include="Log\ILogHandler.cpp">
      <Filter>Source Files</Filter>
    </ClCompile>
    <ClCompile Include="Render\Mesh\AABB.cpp">
      <Filter>Source Files</Filter>
    </ClCompile>
    <ClCompile Include="Render\Mesh\Material.cpp">
      <Filter>Source Files</Filter>
    </ClCompile>
    <ClCompile Include="Render\Mesh\Mesh.cpp">
      <Filter>Source Files</Filter>
    </ClCompile>
    <ClCompile Include="Render\Mesh\Model.cpp">
      <Filter>Source Files</Filter>
    </ClCompile>
    <ClCompile Include="Render\Shader\Texture.cpp">
      <Filter>Source Files</Filter>
    </ClCompile>
    <ClCompile Include="Window\GLFWWindow.cpp">
      <Filter>Source Files</Filter>
    </ClCompile>
    <ClCompile Include="Render\Resource\ResourceManager.cpp">
      <Filter>Source Files</Filter>
    </ClCompile>
    <ClCompile Include="Camera\Camera.cpp">
      <Filter>Source Files</Filter>
    </ClCompile>
    <ClCompile Include="Camera\CameraFrustum.cpp">
      <Filter>Source Files</Filter>
    </ClCompile>
    <ClCompile Include="Render\Renderer.cpp">
      <Filter>Source Files</Filter>
    </ClCompile>
    <ClCompile Include="Render\RenderTarget.cpp">
      <Filter>Source Files</Filter>
    </ClCompile>
    <ClCompile Include="Render\Shader\EShader.cpp">
      <Filter>Source Files</Filter>
    </ClCompile>
    <ClCompile Include="Render\PostProcess.cpp">
      <Filter>Source Files</Filter>
    </ClCompile>
    <ClCompile Include="Render\CommandBuffer.cpp">
      <Filter>Source Files</Filter>
    </ClCompile>
    <ClCompile Include="Render\GLCache.cpp">
      <Filter>Source Files</Filter>
    </ClCompile>
    <ClCompile Include="Scene\Scene.cpp">
      <Filter>Source Files</Filter>
    </ClCompile>
    <ClCompile Include="Scene\SceneNode.cpp">
      <Filter>Source Files</Filter>
    </ClCompile>
    <ClCompile Include="Render\Shader\TextureCube.cpp">
      <Filter>Source Files</Filter>
    </ClCompile>
    <ClCompile Include="Render\Lighting\DirectionalLight.cpp">
      <Filter>Source Files</Filter>
    </ClCompile>
    <ClCompile Include="Render\Material\MaterialLibrary.cpp">
      <Filter>Source Files</Filter>
    </ClCompile>
    <ClCompile Include="Render\Mesh\Quad.cpp">
      <Filter>Source Files</Filter>
    </ClCompile>
    <ClCompile Include="Render\PBR.cpp">
      <Filter>Source Files</Filter>
    </ClCompile>
    <ClCompile Include="pbr_capture.cpp">
      <Filter>Source Files</Filter>
    </ClCompile>
    <ClCompile Include="Render\Resource\Loader\ShaderLoader.cpp">
      <Filter>Source Files</Filter>
    </ClCompile>
    <ClCompile Include="Render\Resource\Loader\TextureLoader.cpp">
      <Filter>Source Files</Filter>
    </ClCompile>
    <ClCompile Include="Render\Mesh\Sphere.cpp">
      <Filter>Source Files</Filter>
    </ClCompile>
    <ClCompile Include="Render\Resource\Loader\MeshLoader.cpp">
      <Filter>Source Files</Filter>
    </ClCompile>
    <ClCompile Include="Camera\FlyCamera.cpp">
      <Filter>Source Files</Filter>
    </ClCompile>
    <ClCompile Include="Window\Context\Device.cpp">
      <Filter>Source Files</Filter>
    </ClCompile>
    <ClCompile Include="Render\Context\Driver.cpp">
      <Filter>Source Files</Filter>
    </ClCompile>
    <ClCompile Include="Window\Input\InputManager.cpp">
      <Filter>Source Files</Filter>
    </ClCompile>
    <ClCompile Include="Global\GlobalContext.cpp">
      <Filter>Source Files</Filter>
    </ClCompile>
    <ClCompile Include="Time\Time.cpp">
      <Filter>Source Files</Filter>
    </ClCompile>
    <ClCompile Include="File\ConfigManager.cpp">
      <Filter>Source Files</Filter>
    </ClCompile>
    <ClCompile Include="Render\Resource\Loader\MaterialLoader.cpp">
      <Filter>Source Files</Filter>
    </ClCompile>
    <ClCompile Include="Math\Math.cpp">
      <Filter>Source Files</Filter>
    </ClCompile>
    <ClCompile Include="Render\Mesh\Cube.cpp">
      <Filter>Source Files</Filter>
    </ClCompile>
    <ClCompile Include="Scene\Background.cpp">
      <Filter>Source Files</Filter>
    </ClCompile>
    <ClCompile Include="UI\Widgets\AWidget.cpp">
      <Filter>Source Files</Filter>
    </ClCompile>
    <ClCompile Include="UI\Widgets\Button\AButton.cpp">
      <Filter>Source Files</Filter>
    </ClCompile>
    <ClCompile Include="UI\Widgets\Button\Button.cpp">
      <Filter>Source Files</Filter>
    </ClCompile>
    <ClCompile Include="ThirdLib\ImGui\imgui.cpp">
      <Filter>Source Files</Filter>
    </ClCompile>
    <ClCompile Include="ThirdLib\ImGui\imgui_demo.cpp">
      <Filter>Source Files</Filter>
    </ClCompile>
    <ClCompile Include="ThirdLib\ImGui\imgui_draw.cpp">
      <Filter>Source Files</Filter>
    </ClCompile>
    <ClCompile Include="ThirdLib\ImGui\imgui_impl_glfw.cpp">
      <Filter>Source Files</Filter>
    </ClCompile>
    <ClCompile Include="ThirdLib\ImGui\imgui_impl_opengl3.cpp">
      <Filter>Source Files</Filter>
    </ClCompile>
    <ClCompile Include="ThirdLib\ImGui\imgui_widgets.cpp">
      <Filter>Source Files</Filter>
    </ClCompile>
    <ClCompile Include="UI\Widgets\Button\ButtonImage.cpp">
      <Filter>Source Files</Filter>
    </ClCompile>
    <ClCompile Include="UI\UIManager.cpp">
      <Filter>Source Files</Filter>
    </ClCompile>
    <ClCompile Include="UI\Internel\WidgetContainer.cpp">
      <Filter>Source Files</Filter>
    </ClCompile>
    <ClCompile Include="UI\Internel\UI_MemoryModel.h">
      <Filter>Source Files</Filter>
    </ClCompile>
    <ClCompile Include="UI\Panel\APanel.cpp">
      <Filter>Source Files</Filter>
    </ClCompile>
    <ClCompile Include="UI\Panel\APanelTransformable.cpp">
      <Filter>Source Files</Filter>
    </ClCompile>
    <ClCompile Include="UI\Panel\PanelMenuBar.cpp">
      <Filter>Source Files</Filter>
    </ClCompile>
    <ClCompile Include="UI\Module\Canvas.cpp">
      <Filter>Source Files</Filter>
    </ClCompile>
    <ClCompile Include="UI\Widgets\DataWidget.cpp">
      <Filter>Source Files</Filter>
    </ClCompile>
    <ClCompile Include="UI\Plugin\DataDispatcher.cpp">
      <Filter>Source Files</Filter>
    </ClCompile>
    <ClCompile Include="UI\Widgets\Text\Text.cpp">
      <Filter>Source Files</Filter>
    </ClCompile>
    <ClCompile Include="UI\Panel\PanelWindow.cpp">
      <Filter>Source Files</Filter>
    </ClCompile>
    <ClCompile Include="UI\Widgets\Text\TextColored.cpp">
      <Filter>Source Files</Filter>
    </ClCompile>
    <ClCompile Include="UI\Widgets\Text\TextSelectable.cpp">
      <Filter>Source Files</Filter>
    </ClCompile>
    <ClCompile Include="UI\Widgets\Selection\CheckBox.cpp">
      <Filter>Source Files</Filter>
    </ClCompile>
    <ClCompile Include="UI\Visual\Image.cpp">
      <Filter>Source Files</Filter>
    </ClCompile>
    <ClCompile Include="UI\Visual\ProgressBar.cpp">
      <Filter>Source Files</Filter>
    </ClCompile>
    <ClCompile Include="UI\Layout\Columns.cpp">
      <Filter>Source Files</Filter>
    </ClCompile>
    <ClCompile Include="Editor\Panels\Profiler.cpp">
      <Filter>Source Files</Filter>
    </ClCompile>
    <ClCompile Include="Analytics\ProfilterReport.cpp">
      <Filter>Source Files</Filter>
    </ClCompile>
    <ClCompile Include="Scene\SceneManager.cpp">
      <Filter>Source Files</Filter>
    </ClCompile>
    <ClCompile Include="Log\Logger.cpp">
      <Filter>Source Files</Filter>
    </ClCompile>
    <ClCompile Include="Log\ConsoleHandler.cpp">
      <Filter>Source Files</Filter>
    </ClCompile>
    <ClCompile Include="Time\Date.cpp">
      <Filter>Source Files</Filter>
    </ClCompile>
    <ClCompile Include="Core\API\ISerializable.cpp">
      <Filter>Source Files</Filter>
    </ClCompile>
    <ClCompile Include="Core\API\tinyxml2.cpp">
      <Filter>Source Files</Filter>
    </ClCompile>
    <ClCompile Include="Core\API\IInspectorItem.cpp">
      <Filter>Source Files</Filter>
    </ClCompile>
    <ClCompile Include="Core\ECS\Components\AComponent.cpp">
      <Filter>Source Files</Filter>
    </ClCompile>
    <ClCompile Include="Core\ECS\Actor.cpp">
      <Filter>Source Files</Filter>
    </ClCompile>
    <ClCompile Include="Core\ECS\Components\CTransform.cpp">
      <Filter>Source Files</Filter>
    </ClCompile>
    <ClCompile Include="Window\Window.cpp">
      <Filter>Source Files</Filter>
    </ClCompile>
    <ClCompile Include="Editor\Panels\ProjectSettings.cpp">
      <Filter>Source Files</Filter>
    </ClCompile>
    <ClCompile Include="Render\Mesh\DebugScreenQuad.cpp">
      <Filter>Source Files</Filter>
    </ClCompile>
    <ClCompile Include="Editor\Helper\GUIDrawer.cpp">
      <Filter>Source Files</Filter>
    </ClCompile>
    <ClCompile Include="Editor\Panels\AView.cpp">
      <Filter>Source Files</Filter>
    </ClCompile>
    <ClCompile Include="Editor\Core\EditorRender.cpp">
      <Filter>Source Files</Filter>
    </ClCompile>
    <ClCompile Include="Editor\Core\Context.cpp">
      <Filter>Source Files</Filter>
    </ClCompile>
    <ClCompile Include="Editor\Panels\GameView.cpp">
      <Filter>Source Files</Filter>
    </ClCompile>
    <ClCompile Include="Editor\Core\EditorAction.cpp">
      <Filter>Source Files</Filter>
    </ClCompile>
    <ClCompile Include="Global\ServiceLocator.cpp">
      <Filter>Source Files</Filter>
    </ClCompile>
    <ClCompile Include="Editor\Core\PanelsManager.cpp">
      <Filter>Source Files</Filter>
    </ClCompile>
    <ClCompile Include="Editor\Core\Editor.cpp">
      <Filter>Source Files</Filter>
    </ClCompile>
    <ClCompile Include="Editor\Core\Application.cpp">
      <Filter>Source Files</Filter>
    </ClCompile>
    <ClCompile Include="Editor\Panels\AssetBrowser.cpp">
      <Filter>Source Files</Filter>
    </ClCompile>
    <ClCompile Include="UI\Layout\Group.cpp">
      <Filter>Source Files</Filter>
    </ClCompile>
    <ClCompile Include="UI\Layout\TreeNode.cpp">
      <Filter>Source Files</Filter>
    </ClCompile>
    <ClCompile Include="Editor\Panels\Hierarchy.cpp">
      <Filter>Source Files</Filter>
    </ClCompile>
    <ClCompile Include="UI\Plugin\ContextualMenu.cpp">
      <Filter>Source Files</Filter>
    </ClCompile>
    <ClCompile Include="UI\Widgets\InputField\InputText.cpp">
      <Filter>Source Files</Filter>
    </ClCompile>
    <ClCompile Include="UI\Plugin\DDTarget.cpp">
      <Filter>Source Files</Filter>
    </ClCompile>
    <ClCompile Include="UI\Widgets\Menu\MenuItem.cpp">
      <Filter>Source Files</Filter>
    </ClCompile>
    <ClCompile Include="Editor\Panels\MenuBar.cpp">
      <Filter>Source Files</Filter>
    </ClCompile>
    <ClCompile Include="UI\Widgets\Menu\MenuList.cpp">
      <Filter>Source Files</Filter>
    </ClCompile>
    <ClCompile Include="Core\ECS\Components\Behaviour.cpp">
      <Filter>Source Files</Filter>
    </ClCompile>
    <ClCompile Include="Core\ECS\Components\CLight.cpp">
      <Filter>Source Files</Filter>
    </ClCompile>
    <ClCompile Include="Core\ECS\Components\CModelRenderer.cpp">
      <Filter>Source Files</Filter>
    </ClCompile>
    <ClCompile Include="Core\Scripting\LuaBinder.cpp">
      <Filter>Source Files</Filter>
    </ClCompile>
    <ClCompile Include="Render\Resource\TextureManager.cpp">
      <Filter>Source Files</Filter>
    </ClCompile>
    <ClCompile Include="Render\BaseRenderer.cpp">
      <Filter>Source Files</Filter>
    </ClCompile>
    <ClCompile Include="Render\ForwardRenderer.cpp">
      <Filter>Source Files</Filter>
    </ClCompile>
    <ClCompile Include="Render\Shader\UniformBuffer.cpp">
      <Filter>Source Files</Filter>
    </ClCompile>
    <ClCompile Include="Window\WindowManager.cpp">
      <Filter>Source Files</Filter>
    </ClCompile>
    <ClCompile Include="Core\ECS\Components\CMaterialRenderer.cpp">
      <Filter>Source Files</Filter>
    </ClCompile>
    <ClCompile Include="Core\Util\Light.cpp">
      <Filter>Source Files</Filter>
    </ClCompile>
    <ClCompile Include="Core\Helper\Serializer.cpp">
      <Filter>Source Files</Filter>
    </ClCompile>
    <ClCompile Include="UI\Widgets\Drag\DragSingleScalar.cpp">
      <Filter>Source Files</Filter>
    </ClCompile>
    <ClCompile Include="UI\Widgets\Drag\DragMultipleScalars.cpp">
      <Filter>Source Files</Filter>
    </ClCompile>
    <ClCompile Include="UI\Widgets\Selection\ColorEdit.cpp">
      <Filter>Source Files</Filter>
    </ClCompile>
    <ClCompile Include="Core\ECS\Components\CDirectionalLight.cpp">
      <Filter>Source Files</Filter>
    </ClCompile>
    <ClCompile Include="Editor\Core\CameraController.cpp">
      <Filter>Source Files</Filter>
    </ClCompile>
    <ClCompile Include="Core\ECS\Components\CCamera.cpp">
      <Filter>Source Files</Filter>
    </ClCompile>
    <ClCompile Include="Render\Resource\AResourceManager.cpp">
      <Filter>Source Files</Filter>
    </ClCompile>
    <ClCompile Include="Render\Resource\ModelManager.cpp">
      <Filter>Source Files</Filter>
    </ClCompile>
    <ClCompile Include="Render\Resource\Loader\ModelLoader.cpp">
      <Filter>Source Files</Filter>
    </ClCompile>
    <ClCompile Include="Render\Resource\Parser\IModelParser.cpp">
      <Filter>Source Files</Filter>
    </ClCompile>
    <ClCompile Include="Render\Resource\Parser\AssimpParser.cpp">
      <Filter>Source Files</Filter>
    </ClCompile>
    <ClCompile Include="Render\Resource\ShaderManager.cpp">
      <Filter>Source Files</Filter>
    </ClCompile>
    <ClCompile Include="Render\Setting\EPrimitiveMode.h">
      <Filter>Source Files</Filter>
    </ClCompile>
    <ClCompile Include="Editor\Panels\AViewControllable.cpp">
      <Filter>Source Files</Filter>
    </ClCompile>
    <ClCompile Include="Editor\Panels\SceneView.cpp">
      <Filter>Source Files</Filter>
    </ClCompile>
    <ClCompile Include="UI\Visual\Separator.cpp">
      <Filter>Source Files</Filter>
    </ClCompile>
    <ClCompile Include="Render\ShapeDrawer.cpp">
      <Filter>Source Files</Filter>
    </ClCompile>
    <ClCompile Include="Editor\Core\EditorResource.cpp">
      <Filter>Source Files</Filter>
    </ClCompile>
    <ClCompile Include="Render\Resource\RawShader.cpp">
      <Filter>Source Files</Filter>
    </ClCompile>
    <ClCompile Include="Editor\Core\GizmoBehaviour.cpp">
      <Filter>Source Files</Filter>
    </ClCompile>
    <ClCompile Include="Editor\Panels\Inspector.cpp">
      <Filter>Source Files</Filter>
    </ClCompile>
    <ClCompile Include="UI\Widgets\Selection\ComboBox.cpp">
      <Filter>Source Files</Filter>
    </ClCompile>
    <ClCompile Include="UI\Layout\GroupCollapsable.cpp">
      <Filter>Source Files</Filter>
    </ClCompile>
    <ClCompile Include="Render\Shadow\CascadeShadowMap.cpp">
      <Filter>Source Files</Filter>
    </ClCompile>
    <ClCompile Include="Editor\Panels\ToolBar.cpp">
      <Filter>Source Files</Filter>
    </ClCompile>
    <ClCompile Include="Editor\Util\ActorCreationMenu.cpp">
      <Filter>Source Files</Filter>
    </ClCompile>
    <ClCompile Include="Render\Resource\MaterialManager.cpp">
      <Filter>Source Files</Filter>
    </ClCompile>
    <ClCompile Include="Editor\Panels\MaterialEditor.cpp">
      <Filter>Source Files</Filter>
    </ClCompile>
    <ClCompile Include="Render\Shader\ShaderStorageBuffer.cpp">
      <Filter>Source Files</Filter>
    </ClCompile>
    <ClCompile Include="Core\ECS\Components\CAmbientSphereLight.cpp">
      <Filter>Source Files</Filter>
    </ClCompile>
    <ClCompile Include="File\Path\PathParser.cpp">
      <Filter>Source Files</Filter>
    </ClCompile>
    <ClCompile Include="UI\Plugin\DDSource.cpp">
      <Filter>Source Files</Filter>
    </ClCompile>
    <ClCompile Include="UI\Widgets\Text\TextClickable.cpp">
      <Filter>Source Files</Filter>
    </ClCompile>
    <ClCompile Include="File\XmlManager.cpp">
      <Filter>Source Files</Filter>
    </ClCompile>
    <ClCompile Include="UI\Plugin\TexturePreview.cpp">
      <Filter>Source Files</Filter>
    </ClCompile>
    <ClCompile Include="Editor\Panels\AssetView.cpp">
      <Filter>Source Files</Filter>
    </ClCompile>
    <ClCompile Include="Editor\Panels\Console.cpp">
      <Filter>Source Files</Filter>
    </ClCompile>
  </ItemGroup>
  <ItemGroup>
    <None Include="Shader\ambient.fs" />
    <None Include="Shader\pbr\pbr.glsl" />
    <None Include="Shader\post\down_sample.fs" />
    <None Include="Event\Event.inl">
      <Filter>Header Files</Filter>
    </None>
    <None Include="Core\ECS\Components\Behaviour.inl">
      <Filter>Header Files</Filter>
    </None>
    <None Include="Render\Resource\AResourceManager.inl">
      <Filter>Header Files</Filter>
    </None>
    <None Include="Core\ECS\Actor.inl">
      <Filter>Header Files</Filter>
    </None>
    <None Include="Editor\Helper\GUIDrawer.inl">
      <Filter>Header Files</Filter>
    </None>
    <None Include="Render\Shader\UniformBuffer.inl">
      <Filter>Header Files</Filter>
    </None>
    <None Include="Render\Shader\ShaderStorageBuffer.inl">
      <Filter>Header Files</Filter>
    </None>
  </ItemGroup>
</Project>